PackratFormat: 1.4
PackratVersion: 0.4.7.1
RVersion: 3.3.2
Repos: CRAN=https://cran.rstudio.com/

Package: BH
Source: CRAN
Version: 1.62.0-1
Hash: 14dfb3e8ffe20996118306ff4de1fab2

Package: DBI
Source: CRAN
Version: 0.5-1
Hash: 375869004db963f9915f2b8a49b4a718

Package: GGally
Source: CRAN
Version: 1.3.0
Hash: aa3ddf58583c7c8003a3c35493a2fe2e
Requires: RColorBrewer, ggplot2, gtable, plyr, progress, reshape

Package: R6
Source: CRAN
Version: 2.2.0
Hash: 712773a3439bd32db5c40938e1a9aac2

Package: RColorBrewer
Source: CRAN
Version: 1.1-2
Hash: c0d56cd15034f395874c870141870c25

Package: Rcpp
Source: CRAN
Version: 0.12.9
Hash: 7ab41cbe74918de8de87e435ef17e92d

Package: RcppEigen
Source: CRAN
Version: 0.3.2.9.0
Requires: Rcpp

Package: assertthat
Source: CRAN
Version: 0.1
Hash: 0afb92b59b02593c70ff8046700ba9d3

Package: boot
Source: CRAN
Version: 1.3-18
Hash: 3f3516de42d575c03309e6aa2aea52aa

Package: colorspace
Source: CRAN
Version: 1.3-2
Hash: 0bf8618b585fa98eb23414cd3ab95118

Package: dichromat
Source: CRAN
Version: 2.0-0
Hash: 08eed0c80510af29bb15f840ccfe37ce

Package: digest
Source: CRAN
Version: 0.6.11
Hash: e959a80e637182a39f4f865ef4fc51cc

Package: dplyr
Source: CRAN
Version: 0.5.0
Hash: 884482baf4ab273f2af5e641469f9ea4
Requires: BH, DBI, R6, Rcpp, assertthat, lazyeval, magrittr, tibble

Package: ggplot2
Source: CRAN
Version: 2.2.1
Hash: 46e5cb78836848aa44655e577433f54b
Requires: digest, gtable, lazyeval, plyr, reshape2, scales, tibble

Package: gtable
Source: CRAN
Version: 0.2.0
Hash: cd78381a9d3fea966ac39bd0daaf5554

Package: labeling
Source: CRAN
Version: 0.3
Hash: ecf589b42cd284b03a4beb9665482d3e

Package: lazyeval
Source: CRAN
Version: 0.2.0
Hash: 3d6e7608e65bbf5cb170dab1e3c9ed8b

Package: lme4
Source: CRAN
Version: 1.1-12
Hash: d306e239f525642f2e0d83433e811bd7
Requires: Rcpp, RcppEigen, minqa, nloptr

Package: magrittr
Source: CRAN
Version: 1.5
Hash: bdc4d48c3135e8f3b399536ddf160df4

Package: minqa
Source: CRAN
Version: 1.2.4
Hash: c6589c93323b465a07618bae6f6ec7ed
Requires: Rcpp

Package: mnormt
Source: CRAN
Version: 1.5-4
Hash: d9793228e6242e0f025123fc19587990

Package: munsell
Source: CRAN
Version: 0.4.3
Hash: f96d896947fcaf9b6d0074002e9f4f9d
Requires: colorspace

Package: nloptr
Source: CRAN
Version: 1.0.4
Hash: 8053df240a4635aeb54fc68c6de67709

Package: packrat
Source: CRAN
Version: 0.4.7-1
Hash: 16ca16d36eb18d1d16113606ecc5c400

Package: plyr
Source: CRAN
Version: 1.8.4
Hash: ce3897d2ea6dabdb2c0a217b25f5fe99
Requires: Rcpp

Package: prettyunits
Source: CRAN
Version: 1.0.2
Hash: 49286102a855640daaa38eafe8b1ec30
Requires: assertthat, magrittr

Package: progress
Source: CRAN
Version: 1.1.2
Hash: ceef88c244d792a874bdacf72b6a30da
Requires: R6, prettyunits

Package: psych
Source: CRAN
Version: 1.6.9
Hash: 663c0ab3af51e3b685a10d7d12d7078f
Requires: mnormt

Package: reshape
Source: CRAN
Version: 0.8.6
Hash: 1f1ab97e8341bf4dcf16d60d8434b530
Requires: plyr

Package: reshape2
Source: CRAN
Version: 1.4.2
Hash: 85d9947f8a5e187dff7f18265b96cb13
Requires: Rcpp, plyr, stringr

Package: scales
Source: CRAN
Version: 0.4.1
Hash: bc8d2233a63b068b0f60b18303d60c55
Requires: RColorBrewer, Rcpp, dichromat, labeling, munsell, plyr

Package: stringi
Source: CRAN
Version: 1.1.2
Hash: 1ad6b1cc11d982ac233bf2fa2f7c9684

Package: stringr
Source: CRAN
Version: 1.1.0
Hash: 4d21d0063b37a17ea18eaec6acd29bf3
Requires: magrittr, stringi

Package: tibble
Source: CRAN
Version: 1.2
Hash: 3857905737a164648031462bed6aa2ef
Requires: Rcpp, assertthat, lazyeval
