PackratFormat: 1.4
PackratVersion: 0.4.7.1
RVersion: 3.3.0
Repos: CRAN=https://cran.rstudio.com/

Package: mnormt
Source: CRAN
Version: 1.5-4
Hash: d9793228e6242e0f025123fc19587990

Package: packrat
Source: CRAN
Version: 0.4.7-1
Hash: 16ca16d36eb18d1d16113606ecc5c400

Package: psych
Source: CRAN
Version: 1.6.9
Hash: 663c0ab3af51e3b685a10d7d12d7078f
Requires: mnormt
